// !$*UTF8*$!
{
	archiveVersion = 1;
	classes = {
	};
	objectVersion = 56;
	objects = {

/* Begin PBXBuildFile section */
		1307F2D4EB17A75153457369 /* Pods_TestTask.framework in Frameworks */ = {isa = PBXBuildFile; fileRef = FC1A5CE33F280CB23348BEEF /* Pods_TestTask.framework */; };
		1815F8AC2BEA47AD00BC1A81 /* AppDelegate.swift in Sources */ = {isa = PBXBuildFile; fileRef = 1815F8AB2BEA47AD00BC1A81 /* AppDelegate.swift */; };
		1815F8AE2BEA47AD00BC1A81 /* SceneDelegate.swift in Sources */ = {isa = PBXBuildFile; fileRef = 1815F8AD2BEA47AD00BC1A81 /* SceneDelegate.swift */; };
		1815F8B52BEA47AE00BC1A81 /* Assets.xcassets in Resources */ = {isa = PBXBuildFile; fileRef = 1815F8B42BEA47AE00BC1A81 /* Assets.xcassets */; };
		1815F8B82BEA47AE00BC1A81 /* Base in Resources */ = {isa = PBXBuildFile; fileRef = 1815F8B72BEA47AE00BC1A81 /* Base */; };
		1815F8C32BEA47AF00BC1A81 /* TestTaskTests.swift in Sources */ = {isa = PBXBuildFile; fileRef = 1815F8C22BEA47AF00BC1A81 /* TestTaskTests.swift */; };
		1815F8CD2BEA47AF00BC1A81 /* TestTaskUITests.swift in Sources */ = {isa = PBXBuildFile; fileRef = 1815F8CC2BEA47AF00BC1A81 /* TestTaskUITests.swift */; };
		1815F8CF2BEA47AF00BC1A81 /* TestTaskUITestsLaunchTests.swift in Sources */ = {isa = PBXBuildFile; fileRef = 1815F8CE2BEA47AF00BC1A81 /* TestTaskUITestsLaunchTests.swift */; };
		1815F91B2BEB909600BC1A81 /* UniversitiesListInteractor.swift in Sources */ = {isa = PBXBuildFile; fileRef = 1815F91A2BEB909600BC1A81 /* UniversitiesListInteractor.swift */; };
		1815F91D2BEB90AF00BC1A81 /* UniversitiesListPresenter.swift in Sources */ = {isa = PBXBuildFile; fileRef = 1815F91C2BEB90AF00BC1A81 /* UniversitiesListPresenter.swift */; };
		1815F91F2BEB90C700BC1A81 /* UniversitiesListEntities.swift in Sources */ = {isa = PBXBuildFile; fileRef = 1815F91E2BEB90C700BC1A81 /* UniversitiesListEntities.swift */; };
		1815F9212BEB90D600BC1A81 /* UniversitiesListView.swift in Sources */ = {isa = PBXBuildFile; fileRef = 1815F9202BEB90D600BC1A81 /* UniversitiesListView.swift */; };
		1815F9232BEB90E200BC1A81 /* UniversitiesListRouter.swift in Sources */ = {isa = PBXBuildFile; fileRef = 1815F9222BEB90E200BC1A81 /* UniversitiesListRouter.swift */; };
		1815F9252BEB90F900BC1A81 /* UniversitiesList.storyboard in Resources */ = {isa = PBXBuildFile; fileRef = 1815F9242BEB90F900BC1A81 /* UniversitiesList.storyboard */; };
		1815F9272BEBB82400BC1A81 /* UniversitiesListConfigurator.swift in Sources */ = {isa = PBXBuildFile; fileRef = 1815F9262BEBB82400BC1A81 /* UniversitiesListConfigurator.swift */; };
		1815F9692BEC791F00BC1A81 /* NetworkUniversitiesService.swift in Sources */ = {isa = PBXBuildFile; fileRef = 1815F9542BEC791F00BC1A81 /* NetworkUniversitiesService.swift */; };
		1815F96A2BEC791F00BC1A81 /* ServiceLocator+Universities.swift in Sources */ = {isa = PBXBuildFile; fileRef = 1815F9552BEC791F00BC1A81 /* ServiceLocator+Universities.swift */; };
		1815F96B2BEC791F00BC1A81 /* University.swift in Sources */ = {isa = PBXBuildFile; fileRef = 1815F9562BEC791F00BC1A81 /* University.swift */; };
		1815F96C2BEC791F00BC1A81 /* UniversitiesAPI.swift in Sources */ = {isa = PBXBuildFile; fileRef = 1815F9572BEC791F00BC1A81 /* UniversitiesAPI.swift */; };
		1815F96D2BEC791F00BC1A81 /* UniversityDTO.swift in Sources */ = {isa = PBXBuildFile; fileRef = 1815F9582BEC791F00BC1A81 /* UniversityDTO.swift */; };
		1815F96E2BEC791F00BC1A81 /* UniversitiesService.swift in Sources */ = {isa = PBXBuildFile; fileRef = 1815F9592BEC791F00BC1A81 /* UniversitiesService.swift */; };
		1815F9702BEC7A1400BC1A81 /* Enviroment.swift in Sources */ = {isa = PBXBuildFile; fileRef = 1815F96F2BEC7A1400BC1A81 /* Enviroment.swift */; };
		1815F97C2BEC7DE900BC1A81 /* Development-Debug.xcconfig in Resources */ = {isa = PBXBuildFile; fileRef = 1815F9712BEC7DE900BC1A81 /* Development-Debug.xcconfig */; };
		1815F97D2BEC7DE900BC1A81 /* Development-Release.xcconfig in Resources */ = {isa = PBXBuildFile; fileRef = 1815F9722BEC7DE900BC1A81 /* Development-Release.xcconfig */; };
		1815F97E2BEC7DE900BC1A81 /* Development.xcconfig in Resources */ = {isa = PBXBuildFile; fileRef = 1815F9732BEC7DE900BC1A81 /* Development.xcconfig */; };
		1815F9852BEC7DE900BC1A81 /* VersionNumber.xcconfig in Resources */ = {isa = PBXBuildFile; fileRef = 1815F97A2BEC7DE900BC1A81 /* VersionNumber.xcconfig */; };
		1815F9872BEC8BB100BC1A81 /* UniversitiesListCell.swift in Sources */ = {isa = PBXBuildFile; fileRef = 1815F9862BEC8BB100BC1A81 /* UniversitiesListCell.swift */; };
		1815F9F42BECA8E400BC1A81 /* TestTaskDetails.framework in Frameworks */ = {isa = PBXBuildFile; fileRef = 1815F9F32BECA8E400BC1A81 /* TestTaskDetails.framework */; };
		1815F9F52BECA8E400BC1A81 /* TestTaskDetails.framework in Embed Frameworks */ = {isa = PBXBuildFile; fileRef = 1815F9F32BECA8E400BC1A81 /* TestTaskDetails.framework */; settings = {ATTRIBUTES = (CodeSignOnCopy, RemoveHeadersOnCopy, ); }; };
		1815FA912BECB07300BC1A81 /* CommonUtils.framework in Frameworks */ = {isa = PBXBuildFile; fileRef = 1815FA902BECB07300BC1A81 /* CommonUtils.framework */; };
		1815FA922BECB07300BC1A81 /* CommonUtils.framework in Embed Frameworks */ = {isa = PBXBuildFile; fileRef = 1815FA902BECB07300BC1A81 /* CommonUtils.framework */; settings = {ATTRIBUTES = (CodeSignOnCopy, RemoveHeadersOnCopy, ); }; };
		1815FA9F2BECDB5400BC1A81 /* RealmUniversity.swift in Sources */ = {isa = PBXBuildFile; fileRef = 1815FA9E2BECDB5400BC1A81 /* RealmUniversity.swift */; };
		1815FAA12BECDBD600BC1A81 /* RealmUniversityStore.swift in Sources */ = {isa = PBXBuildFile; fileRef = 1815FAA02BECDBD600BC1A81 /* RealmUniversityStore.swift */; };
		24C77DBFA2A47E21CEF1A968 /* Pods_TestTaskTests.framework in Frameworks */ = {isa = PBXBuildFile; fileRef = 40B0DE991B8F4E519E91F11C /* Pods_TestTaskTests.framework */; };
		AB2EE3057473FB2C75417957 /* Pods_TestTask_TestTaskUITests.framework in Frameworks */ = {isa = PBXBuildFile; fileRef = 186666F71C956840FABD2580 /* Pods_TestTask_TestTaskUITests.framework */; };
/* End PBXBuildFile section */

/* Begin PBXContainerItemProxy section */
		1815F8BF2BEA47AF00BC1A81 /* PBXContainerItemProxy */ = {
			isa = PBXContainerItemProxy;
			containerPortal = 1815F8A02BEA47AD00BC1A81 /* Project object */;
			proxyType = 1;
			remoteGlobalIDString = 1815F8A72BEA47AD00BC1A81;
			remoteInfo = TestTask;
		};
		1815F8C92BEA47AF00BC1A81 /* PBXContainerItemProxy */ = {
			isa = PBXContainerItemProxy;
			containerPortal = 1815F8A02BEA47AD00BC1A81 /* Project object */;
			proxyType = 1;
			remoteGlobalIDString = 1815F8A72BEA47AD00BC1A81;
			remoteInfo = TestTask;
		};
/* End PBXContainerItemProxy section */

/* Begin PBXCopyFilesBuildPhase section */
		1815F9F62BECA8E400BC1A81 /* Embed Frameworks */ = {
			isa = PBXCopyFilesBuildPhase;
			buildActionMask = 2147483647;
			dstPath = "";
			dstSubfolderSpec = 10;
			files = (
				1815F9F52BECA8E400BC1A81 /* TestTaskDetails.framework in Embed Frameworks */,
				1815FA922BECB07300BC1A81 /* CommonUtils.framework in Embed Frameworks */,
			);
			name = "Embed Frameworks";
			runOnlyForDeploymentPostprocessing = 0;
		};
/* End PBXCopyFilesBuildPhase section */

/* Begin PBXFileReference section */
		0369A7F6DB3297E38403045B /* Pods-TestTask.debug.xcconfig */ = {isa = PBXFileReference; includeInIndex = 1; lastKnownFileType = text.xcconfig; name = "Pods-TestTask.debug.xcconfig"; path = "Target Support Files/Pods-TestTask/Pods-TestTask.debug.xcconfig"; sourceTree = "<group>"; };
		1815F8A82BEA47AD00BC1A81 /* TestTask.app */ = {isa = PBXFileReference; explicitFileType = wrapper.application; includeInIndex = 0; path = TestTask.app; sourceTree = BUILT_PRODUCTS_DIR; };
		1815F8AB2BEA47AD00BC1A81 /* AppDelegate.swift */ = {isa = PBXFileReference; lastKnownFileType = sourcecode.swift; path = AppDelegate.swift; sourceTree = "<group>"; };
		1815F8AD2BEA47AD00BC1A81 /* SceneDelegate.swift */ = {isa = PBXFileReference; lastKnownFileType = sourcecode.swift; path = SceneDelegate.swift; sourceTree = "<group>"; };
		1815F8B42BEA47AE00BC1A81 /* Assets.xcassets */ = {isa = PBXFileReference; lastKnownFileType = folder.assetcatalog; path = Assets.xcassets; sourceTree = "<group>"; };
		1815F8B72BEA47AE00BC1A81 /* Base */ = {isa = PBXFileReference; lastKnownFileType = file.storyboard; name = Base; path = Base.lproj/LaunchScreen.storyboard; sourceTree = "<group>"; };
		1815F8B92BEA47AE00BC1A81 /* Info.plist */ = {isa = PBXFileReference; lastKnownFileType = text.plist.xml; path = Info.plist; sourceTree = "<group>"; };
		1815F8BE2BEA47AF00BC1A81 /* TestTaskTests.xctest */ = {isa = PBXFileReference; explicitFileType = wrapper.cfbundle; includeInIndex = 0; path = TestTaskTests.xctest; sourceTree = BUILT_PRODUCTS_DIR; };
		1815F8C22BEA47AF00BC1A81 /* TestTaskTests.swift */ = {isa = PBXFileReference; lastKnownFileType = sourcecode.swift; path = TestTaskTests.swift; sourceTree = "<group>"; };
		1815F8C82BEA47AF00BC1A81 /* TestTaskUITests.xctest */ = {isa = PBXFileReference; explicitFileType = wrapper.cfbundle; includeInIndex = 0; path = TestTaskUITests.xctest; sourceTree = BUILT_PRODUCTS_DIR; };
		1815F8CC2BEA47AF00BC1A81 /* TestTaskUITests.swift */ = {isa = PBXFileReference; lastKnownFileType = sourcecode.swift; path = TestTaskUITests.swift; sourceTree = "<group>"; };
		1815F8CE2BEA47AF00BC1A81 /* TestTaskUITestsLaunchTests.swift */ = {isa = PBXFileReference; lastKnownFileType = sourcecode.swift; path = TestTaskUITestsLaunchTests.swift; sourceTree = "<group>"; };
		1815F91A2BEB909600BC1A81 /* UniversitiesListInteractor.swift */ = {isa = PBXFileReference; lastKnownFileType = sourcecode.swift; path = UniversitiesListInteractor.swift; sourceTree = "<group>"; };
		1815F91C2BEB90AF00BC1A81 /* UniversitiesListPresenter.swift */ = {isa = PBXFileReference; lastKnownFileType = sourcecode.swift; path = UniversitiesListPresenter.swift; sourceTree = "<group>"; };
		1815F91E2BEB90C700BC1A81 /* UniversitiesListEntities.swift */ = {isa = PBXFileReference; lastKnownFileType = sourcecode.swift; path = UniversitiesListEntities.swift; sourceTree = "<group>"; };
		1815F9202BEB90D600BC1A81 /* UniversitiesListView.swift */ = {isa = PBXFileReference; lastKnownFileType = sourcecode.swift; path = UniversitiesListView.swift; sourceTree = "<group>"; };
		1815F9222BEB90E200BC1A81 /* UniversitiesListRouter.swift */ = {isa = PBXFileReference; lastKnownFileType = sourcecode.swift; path = UniversitiesListRouter.swift; sourceTree = "<group>"; };
		1815F9242BEB90F900BC1A81 /* UniversitiesList.storyboard */ = {isa = PBXFileReference; lastKnownFileType = file.storyboard; path = UniversitiesList.storyboard; sourceTree = "<group>"; };
		1815F9262BEBB82400BC1A81 /* UniversitiesListConfigurator.swift */ = {isa = PBXFileReference; lastKnownFileType = sourcecode.swift; path = UniversitiesListConfigurator.swift; sourceTree = "<group>"; };
		1815F9542BEC791F00BC1A81 /* NetworkUniversitiesService.swift */ = {isa = PBXFileReference; fileEncoding = 4; lastKnownFileType = sourcecode.swift; path = NetworkUniversitiesService.swift; sourceTree = "<group>"; };
		1815F9552BEC791F00BC1A81 /* ServiceLocator+Universities.swift */ = {isa = PBXFileReference; fileEncoding = 4; lastKnownFileType = sourcecode.swift; path = "ServiceLocator+Universities.swift"; sourceTree = "<group>"; };
		1815F9562BEC791F00BC1A81 /* University.swift */ = {isa = PBXFileReference; fileEncoding = 4; lastKnownFileType = sourcecode.swift; path = University.swift; sourceTree = "<group>"; };
		1815F9572BEC791F00BC1A81 /* UniversitiesAPI.swift */ = {isa = PBXFileReference; fileEncoding = 4; lastKnownFileType = sourcecode.swift; path = UniversitiesAPI.swift; sourceTree = "<group>"; };
		1815F9582BEC791F00BC1A81 /* UniversityDTO.swift */ = {isa = PBXFileReference; fileEncoding = 4; lastKnownFileType = sourcecode.swift; path = UniversityDTO.swift; sourceTree = "<group>"; };
		1815F9592BEC791F00BC1A81 /* UniversitiesService.swift */ = {isa = PBXFileReference; fileEncoding = 4; lastKnownFileType = sourcecode.swift; path = UniversitiesService.swift; sourceTree = "<group>"; };
		1815F96F2BEC7A1400BC1A81 /* Enviroment.swift */ = {isa = PBXFileReference; fileEncoding = 4; lastKnownFileType = sourcecode.swift; path = Enviroment.swift; sourceTree = "<group>"; };
		1815F9712BEC7DE900BC1A81 /* Development-Debug.xcconfig */ = {isa = PBXFileReference; fileEncoding = 4; lastKnownFileType = text.xcconfig; path = "Development-Debug.xcconfig"; sourceTree = "<group>"; };
		1815F9722BEC7DE900BC1A81 /* Development-Release.xcconfig */ = {isa = PBXFileReference; fileEncoding = 4; lastKnownFileType = text.xcconfig; path = "Development-Release.xcconfig"; sourceTree = "<group>"; };
		1815F9732BEC7DE900BC1A81 /* Development.xcconfig */ = {isa = PBXFileReference; fileEncoding = 4; lastKnownFileType = text.xcconfig; path = Development.xcconfig; sourceTree = "<group>"; };
		1815F97A2BEC7DE900BC1A81 /* VersionNumber.xcconfig */ = {isa = PBXFileReference; fileEncoding = 4; lastKnownFileType = text.xcconfig; path = VersionNumber.xcconfig; sourceTree = "<group>"; };
		1815F9862BEC8BB100BC1A81 /* UniversitiesListCell.swift */ = {isa = PBXFileReference; lastKnownFileType = sourcecode.swift; path = UniversitiesListCell.swift; sourceTree = "<group>"; };
		1815F9F32BECA8E400BC1A81 /* TestTaskDetails.framework */ = {isa = PBXFileReference; explicitFileType = wrapper.framework; path = TestTaskDetails.framework; sourceTree = BUILT_PRODUCTS_DIR; };
		1815FA902BECB07300BC1A81 /* CommonUtils.framework */ = {isa = PBXFileReference; explicitFileType = wrapper.framework; path = CommonUtils.framework; sourceTree = BUILT_PRODUCTS_DIR; };
		1815FA9E2BECDB5400BC1A81 /* RealmUniversity.swift */ = {isa = PBXFileReference; lastKnownFileType = sourcecode.swift; path = RealmUniversity.swift; sourceTree = "<group>"; };
		1815FAA02BECDBD600BC1A81 /* RealmUniversityStore.swift */ = {isa = PBXFileReference; lastKnownFileType = sourcecode.swift; path = RealmUniversityStore.swift; sourceTree = "<group>"; };
		186666F71C956840FABD2580 /* Pods_TestTask_TestTaskUITests.framework */ = {isa = PBXFileReference; explicitFileType = wrapper.framework; includeInIndex = 0; path = Pods_TestTask_TestTaskUITests.framework; sourceTree = BUILT_PRODUCTS_DIR; };
		40B0DE991B8F4E519E91F11C /* Pods_TestTaskTests.framework */ = {isa = PBXFileReference; explicitFileType = wrapper.framework; includeInIndex = 0; path = Pods_TestTaskTests.framework; sourceTree = BUILT_PRODUCTS_DIR; };
		6975D032BB43EBD6C49CAFC2 /* Pods-TestTaskTests.release.xcconfig */ = {isa = PBXFileReference; includeInIndex = 1; lastKnownFileType = text.xcconfig; name = "Pods-TestTaskTests.release.xcconfig"; path = "Target Support Files/Pods-TestTaskTests/Pods-TestTaskTests.release.xcconfig"; sourceTree = "<group>"; };
		6DA6855B68686B6456AB5E29 /* Pods-TestTaskTests.debug.xcconfig */ = {isa = PBXFileReference; includeInIndex = 1; lastKnownFileType = text.xcconfig; name = "Pods-TestTaskTests.debug.xcconfig"; path = "Target Support Files/Pods-TestTaskTests/Pods-TestTaskTests.debug.xcconfig"; sourceTree = "<group>"; };
		81201AB9A296226D87ABE8E1 /* Pods-TestTask.release.xcconfig */ = {isa = PBXFileReference; includeInIndex = 1; lastKnownFileType = text.xcconfig; name = "Pods-TestTask.release.xcconfig"; path = "Target Support Files/Pods-TestTask/Pods-TestTask.release.xcconfig"; sourceTree = "<group>"; };
		9C93E14A0EDAD0414D47F6F9 /* Pods-TestTask-TestTaskUITests.release.xcconfig */ = {isa = PBXFileReference; includeInIndex = 1; lastKnownFileType = text.xcconfig; name = "Pods-TestTask-TestTaskUITests.release.xcconfig"; path = "Target Support Files/Pods-TestTask-TestTaskUITests/Pods-TestTask-TestTaskUITests.release.xcconfig"; sourceTree = "<group>"; };
		F5E08BB03DFB7DD923F01D36 /* Pods-TestTask-TestTaskUITests.debug.xcconfig */ = {isa = PBXFileReference; includeInIndex = 1; lastKnownFileType = text.xcconfig; name = "Pods-TestTask-TestTaskUITests.debug.xcconfig"; path = "Target Support Files/Pods-TestTask-TestTaskUITests/Pods-TestTask-TestTaskUITests.debug.xcconfig"; sourceTree = "<group>"; };
		FC1A5CE33F280CB23348BEEF /* Pods_TestTask.framework */ = {isa = PBXFileReference; explicitFileType = wrapper.framework; includeInIndex = 0; path = Pods_TestTask.framework; sourceTree = BUILT_PRODUCTS_DIR; };
/* End PBXFileReference section */

/* Begin PBXFrameworksBuildPhase section */
		1815F8A52BEA47AD00BC1A81 /* Frameworks */ = {
			isa = PBXFrameworksBuildPhase;
			buildActionMask = 2147483647;
			files = (
				1815FA912BECB07300BC1A81 /* CommonUtils.framework in Frameworks */,
				1815F9F42BECA8E400BC1A81 /* TestTaskDetails.framework in Frameworks */,
				1307F2D4EB17A75153457369 /* Pods_TestTask.framework in Frameworks */,
			);
			runOnlyForDeploymentPostprocessing = 0;
		};
		1815F8BB2BEA47AF00BC1A81 /* Frameworks */ = {
			isa = PBXFrameworksBuildPhase;
			buildActionMask = 2147483647;
			files = (
				24C77DBFA2A47E21CEF1A968 /* Pods_TestTaskTests.framework in Frameworks */,
			);
			runOnlyForDeploymentPostprocessing = 0;
		};
		1815F8C52BEA47AF00BC1A81 /* Frameworks */ = {
			isa = PBXFrameworksBuildPhase;
			buildActionMask = 2147483647;
			files = (
				AB2EE3057473FB2C75417957 /* Pods_TestTask_TestTaskUITests.framework in Frameworks */,
			);
			runOnlyForDeploymentPostprocessing = 0;
		};
/* End PBXFrameworksBuildPhase section */

/* Begin PBXGroup section */
		1815F89F2BEA47AD00BC1A81 = {
			isa = PBXGroup;
			children = (
				1815F8AA2BEA47AD00BC1A81 /* TestTask */,
				1815F8C12BEA47AF00BC1A81 /* TestTaskTests */,
				1815F8CB2BEA47AF00BC1A81 /* TestTaskUITests */,
				1815F8A92BEA47AD00BC1A81 /* Products */,
				69F9B1B1B7B4ADC2027C8C18 /* Pods */,
				B5A51631FE81FE0E96F3C531 /* Frameworks */,
			);
			sourceTree = "<group>";
		};
		1815F8A92BEA47AD00BC1A81 /* Products */ = {
			isa = PBXGroup;
			children = (
				1815F8A82BEA47AD00BC1A81 /* TestTask.app */,
				1815F8BE2BEA47AF00BC1A81 /* TestTaskTests.xctest */,
				1815F8C82BEA47AF00BC1A81 /* TestTaskUITests.xctest */,
			);
			name = Products;
			sourceTree = "<group>";
		};
		1815F8AA2BEA47AD00BC1A81 /* TestTask */ = {
			isa = PBXGroup;
			children = (
				1815F8AB2BEA47AD00BC1A81 /* AppDelegate.swift */,
				1815F8AD2BEA47AD00BC1A81 /* SceneDelegate.swift */,
				1815F95B2BEC791F00BC1A81 /* Services */,
				1815F9172BEB8F6100BC1A81 /* AppResources */,
				1815F9182BEB903200BC1A81 /* Scenes */,
			);
			path = TestTask;
			sourceTree = "<group>";
		};
		1815F8C12BEA47AF00BC1A81 /* TestTaskTests */ = {
			isa = PBXGroup;
			children = (
				1815F8C22BEA47AF00BC1A81 /* TestTaskTests.swift */,
			);
			path = TestTaskTests;
			sourceTree = "<group>";
		};
		1815F8CB2BEA47AF00BC1A81 /* TestTaskUITests */ = {
			isa = PBXGroup;
			children = (
				1815F8CC2BEA47AF00BC1A81 /* TestTaskUITests.swift */,
				1815F8CE2BEA47AF00BC1A81 /* TestTaskUITestsLaunchTests.swift */,
			);
			path = TestTaskUITests;
			sourceTree = "<group>";
		};
		1815F9172BEB8F6100BC1A81 /* AppResources */ = {
			isa = PBXGroup;
			children = (
				1815F97B2BEC7DE900BC1A81 /* Configurations */,
				1815F96F2BEC7A1400BC1A81 /* Enviroment.swift */,
				1815F8B92BEA47AE00BC1A81 /* Info.plist */,
				1815F8B62BEA47AE00BC1A81 /* LaunchScreen.storyboard */,
				1815F8B42BEA47AE00BC1A81 /* Assets.xcassets */,
			);
			path = AppResources;
			sourceTree = "<group>";
		};
		1815F9182BEB903200BC1A81 /* Scenes */ = {
			isa = PBXGroup;
			children = (
				1815F9192BEB905200BC1A81 /* UniversitiesList */,
			);
			path = Scenes;
			sourceTree = "<group>";
		};
		1815F9192BEB905200BC1A81 /* UniversitiesList */ = {
			isa = PBXGroup;
			children = (
				1815F91E2BEB90C700BC1A81 /* UniversitiesListEntities.swift */,
				1815F9862BEC8BB100BC1A81 /* UniversitiesListCell.swift */,
				1815F91A2BEB909600BC1A81 /* UniversitiesListInteractor.swift */,
				1815F91C2BEB90AF00BC1A81 /* UniversitiesListPresenter.swift */,
				1815F9202BEB90D600BC1A81 /* UniversitiesListView.swift */,
				1815F9222BEB90E200BC1A81 /* UniversitiesListRouter.swift */,
				1815F9262BEBB82400BC1A81 /* UniversitiesListConfigurator.swift */,
				1815F9242BEB90F900BC1A81 /* UniversitiesList.storyboard */,
			);
			path = UniversitiesList;
			sourceTree = "<group>";
		};
		1815F95A2BEC791F00BC1A81 /* UniversitiesService */ = {
			isa = PBXGroup;
			children = (
				1815F9542BEC791F00BC1A81 /* NetworkUniversitiesService.swift */,
				1815F9552BEC791F00BC1A81 /* ServiceLocator+Universities.swift */,
				1815F9562BEC791F00BC1A81 /* University.swift */,
				1815F9572BEC791F00BC1A81 /* UniversitiesAPI.swift */,
				1815F9582BEC791F00BC1A81 /* UniversityDTO.swift */,
				1815F9592BEC791F00BC1A81 /* UniversitiesService.swift */,
			);
			path = UniversitiesService;
			sourceTree = "<group>";
		};
		1815F95B2BEC791F00BC1A81 /* Services */ = {
			isa = PBXGroup;
			children = (
				1815FA9D2BECDB2D00BC1A81 /* PersistanceService */,
				1815F95A2BEC791F00BC1A81 /* UniversitiesService */,
			);
			path = Services;
			sourceTree = "<group>";
		};
		1815F97B2BEC7DE900BC1A81 /* Configurations */ = {
			isa = PBXGroup;
			children = (
				1815F9712BEC7DE900BC1A81 /* Development-Debug.xcconfig */,
				1815F9722BEC7DE900BC1A81 /* Development-Release.xcconfig */,
				1815F9732BEC7DE900BC1A81 /* Development.xcconfig */,
				1815F97A2BEC7DE900BC1A81 /* VersionNumber.xcconfig */,
			);
			path = Configurations;
			sourceTree = "<group>";
		};
		1815FA9D2BECDB2D00BC1A81 /* PersistanceService */ = {
			isa = PBXGroup;
			children = (
				1815FA9E2BECDB5400BC1A81 /* RealmUniversity.swift */,
				1815FAA02BECDBD600BC1A81 /* RealmUniversityStore.swift */,
			);
			path = PersistanceService;
			sourceTree = "<group>";
		};
		69F9B1B1B7B4ADC2027C8C18 /* Pods */ = {
			isa = PBXGroup;
			children = (
				0369A7F6DB3297E38403045B /* Pods-TestTask.debug.xcconfig */,
				81201AB9A296226D87ABE8E1 /* Pods-TestTask.release.xcconfig */,
				F5E08BB03DFB7DD923F01D36 /* Pods-TestTask-TestTaskUITests.debug.xcconfig */,
				9C93E14A0EDAD0414D47F6F9 /* Pods-TestTask-TestTaskUITests.release.xcconfig */,
				6DA6855B68686B6456AB5E29 /* Pods-TestTaskTests.debug.xcconfig */,
				6975D032BB43EBD6C49CAFC2 /* Pods-TestTaskTests.release.xcconfig */,
			);
			path = Pods;
			sourceTree = "<group>";
		};
		B5A51631FE81FE0E96F3C531 /* Frameworks */ = {
			isa = PBXGroup;
			children = (
				1815FA902BECB07300BC1A81 /* CommonUtils.framework */,
				1815F9F32BECA8E400BC1A81 /* TestTaskDetails.framework */,
				FC1A5CE33F280CB23348BEEF /* Pods_TestTask.framework */,
				186666F71C956840FABD2580 /* Pods_TestTask_TestTaskUITests.framework */,
				40B0DE991B8F4E519E91F11C /* Pods_TestTaskTests.framework */,
			);
			name = Frameworks;
			sourceTree = "<group>";
		};
/* End PBXGroup section */

/* Begin PBXNativeTarget section */
		1815F8A72BEA47AD00BC1A81 /* TestTask */ = {
			isa = PBXNativeTarget;
			buildConfigurationList = 1815F8D22BEA47AF00BC1A81 /* Build configuration list for PBXNativeTarget "TestTask" */;
			buildPhases = (
				AB76A53031036D5DB4F989BD /* [CP] Check Pods Manifest.lock */,
				1815F8A42BEA47AD00BC1A81 /* Sources */,
				1815F8A52BEA47AD00BC1A81 /* Frameworks */,
				1815F8A62BEA47AD00BC1A81 /* Resources */,
				D5EFDDCA33AA35334C41D314 /* [CP] Embed Pods Frameworks */,
				1815F9F62BECA8E400BC1A81 /* Embed Frameworks */,
			);
			buildRules = (
			);
			dependencies = (
			);
			name = TestTask;
			productName = TestTask;
			productReference = 1815F8A82BEA47AD00BC1A81 /* TestTask.app */;
			productType = "com.apple.product-type.application";
		};
		1815F8BD2BEA47AF00BC1A81 /* TestTaskTests */ = {
			isa = PBXNativeTarget;
			buildConfigurationList = 1815F8D52BEA47AF00BC1A81 /* Build configuration list for PBXNativeTarget "TestTaskTests" */;
			buildPhases = (
				B04453EFCC8B294235652FED /* [CP] Check Pods Manifest.lock */,
				1815F8BA2BEA47AF00BC1A81 /* Sources */,
				1815F8BB2BEA47AF00BC1A81 /* Frameworks */,
				1815F8BC2BEA47AF00BC1A81 /* Resources */,
			);
			buildRules = (
			);
			dependencies = (
				1815F8C02BEA47AF00BC1A81 /* PBXTargetDependency */,
			);
			name = TestTaskTests;
			productName = TestTaskTests;
			productReference = 1815F8BE2BEA47AF00BC1A81 /* TestTaskTests.xctest */;
			productType = "com.apple.product-type.bundle.unit-test";
		};
		1815F8C72BEA47AF00BC1A81 /* TestTaskUITests */ = {
			isa = PBXNativeTarget;
			buildConfigurationList = 1815F8D82BEA47AF00BC1A81 /* Build configuration list for PBXNativeTarget "TestTaskUITests" */;
			buildPhases = (
				FD563AAC290359A44B455163 /* [CP] Check Pods Manifest.lock */,
				1815F8C42BEA47AF00BC1A81 /* Sources */,
				1815F8C52BEA47AF00BC1A81 /* Frameworks */,
				1815F8C62BEA47AF00BC1A81 /* Resources */,
				E2EC3040BB448EC1C41CF33B /* [CP] Embed Pods Frameworks */,
			);
			buildRules = (
			);
			dependencies = (
				1815F8CA2BEA47AF00BC1A81 /* PBXTargetDependency */,
			);
			name = TestTaskUITests;
			productName = TestTaskUITests;
			productReference = 1815F8C82BEA47AF00BC1A81 /* TestTaskUITests.xctest */;
			productType = "com.apple.product-type.bundle.ui-testing";
		};
/* End PBXNativeTarget section */

/* Begin PBXProject section */
		1815F8A02BEA47AD00BC1A81 /* Project object */ = {
			isa = PBXProject;
			attributes = {
				BuildIndependentTargetsInParallel = 1;
				LastSwiftUpdateCheck = 1530;
				LastUpgradeCheck = 1530;
				TargetAttributes = {
					1815F8A72BEA47AD00BC1A81 = {
						CreatedOnToolsVersion = 15.3;
					};
					1815F8BD2BEA47AF00BC1A81 = {
						CreatedOnToolsVersion = 15.3;
						TestTargetID = 1815F8A72BEA47AD00BC1A81;
					};
					1815F8C72BEA47AF00BC1A81 = {
						CreatedOnToolsVersion = 15.3;
						TestTargetID = 1815F8A72BEA47AD00BC1A81;
					};
				};
			};
			buildConfigurationList = 1815F8A32BEA47AD00BC1A81 /* Build configuration list for PBXProject "TestTask" */;
			compatibilityVersion = "Xcode 14.0";
			developmentRegion = en;
			hasScannedForEncodings = 0;
			knownRegions = (
				en,
				Base,
			);
			mainGroup = 1815F89F2BEA47AD00BC1A81;
			productRefGroup = 1815F8A92BEA47AD00BC1A81 /* Products */;
			projectDirPath = "";
			projectRoot = "";
			targets = (
				1815F8A72BEA47AD00BC1A81 /* TestTask */,
				1815F8BD2BEA47AF00BC1A81 /* TestTaskTests */,
				1815F8C72BEA47AF00BC1A81 /* TestTaskUITests */,
			);
		};
/* End PBXProject section */

/* Begin PBXResourcesBuildPhase section */
		1815F8A62BEA47AD00BC1A81 /* Resources */ = {
			isa = PBXResourcesBuildPhase;
			buildActionMask = 2147483647;
			files = (
				1815F97E2BEC7DE900BC1A81 /* Development.xcconfig in Resources */,
				1815F97C2BEC7DE900BC1A81 /* Development-Debug.xcconfig in Resources */,
				1815F97D2BEC7DE900BC1A81 /* Development-Release.xcconfig in Resources */,
				1815F8B52BEA47AE00BC1A81 /* Assets.xcassets in Resources */,
				1815F8B82BEA47AE00BC1A81 /* Base in Resources */,
				1815F9252BEB90F900BC1A81 /* UniversitiesList.storyboard in Resources */,
				1815F9852BEC7DE900BC1A81 /* VersionNumber.xcconfig in Resources */,
			);
			runOnlyForDeploymentPostprocessing = 0;
		};
		1815F8BC2BEA47AF00BC1A81 /* Resources */ = {
			isa = PBXResourcesBuildPhase;
			buildActionMask = 2147483647;
			files = (
			);
			runOnlyForDeploymentPostprocessing = 0;
		};
		1815F8C62BEA47AF00BC1A81 /* Resources */ = {
			isa = PBXResourcesBuildPhase;
			buildActionMask = 2147483647;
			files = (
			);
			runOnlyForDeploymentPostprocessing = 0;
		};
/* End PBXResourcesBuildPhase section */

/* Begin PBXShellScriptBuildPhase section */
		AB76A53031036D5DB4F989BD /* [CP] Check Pods Manifest.lock */ = {
			isa = PBXShellScriptBuildPhase;
			buildActionMask = 2147483647;
			files = (
			);
			inputFileListPaths = (
			);
			inputPaths = (
				"${PODS_PODFILE_DIR_PATH}/Podfile.lock",
				"${PODS_ROOT}/Manifest.lock",
			);
			name = "[CP] Check Pods Manifest.lock";
			outputFileListPaths = (
			);
			outputPaths = (
				"$(DERIVED_FILE_DIR)/Pods-TestTask-checkManifestLockResult.txt",
			);
			runOnlyForDeploymentPostprocessing = 0;
			shellPath = /bin/sh;
			shellScript = "diff \"${PODS_PODFILE_DIR_PATH}/Podfile.lock\" \"${PODS_ROOT}/Manifest.lock\" > /dev/null\nif [ $? != 0 ] ; then\n    # print error to STDERR\n    echo \"error: The sandbox is not in sync with the Podfile.lock. Run 'pod install' or update your CocoaPods installation.\" >&2\n    exit 1\nfi\n# This output is used by Xcode 'outputs' to avoid re-running this script phase.\necho \"SUCCESS\" > \"${SCRIPT_OUTPUT_FILE_0}\"\n";
			showEnvVarsInLog = 0;
		};
		B04453EFCC8B294235652FED /* [CP] Check Pods Manifest.lock */ = {
			isa = PBXShellScriptBuildPhase;
			buildActionMask = 2147483647;
			files = (
			);
			inputFileListPaths = (
			);
			inputPaths = (
				"${PODS_PODFILE_DIR_PATH}/Podfile.lock",
				"${PODS_ROOT}/Manifest.lock",
			);
			name = "[CP] Check Pods Manifest.lock";
			outputFileListPaths = (
			);
			outputPaths = (
				"$(DERIVED_FILE_DIR)/Pods-TestTaskTests-checkManifestLockResult.txt",
			);
			runOnlyForDeploymentPostprocessing = 0;
			shellPath = /bin/sh;
			shellScript = "diff \"${PODS_PODFILE_DIR_PATH}/Podfile.lock\" \"${PODS_ROOT}/Manifest.lock\" > /dev/null\nif [ $? != 0 ] ; then\n    # print error to STDERR\n    echo \"error: The sandbox is not in sync with the Podfile.lock. Run 'pod install' or update your CocoaPods installation.\" >&2\n    exit 1\nfi\n# This output is used by Xcode 'outputs' to avoid re-running this script phase.\necho \"SUCCESS\" > \"${SCRIPT_OUTPUT_FILE_0}\"\n";
			showEnvVarsInLog = 0;
		};
		D5EFDDCA33AA35334C41D314 /* [CP] Embed Pods Frameworks */ = {
			isa = PBXShellScriptBuildPhase;
			buildActionMask = 2147483647;
			files = (
			);
			inputFileListPaths = (
				"${PODS_ROOT}/Target Support Files/Pods-TestTask/Pods-TestTask-frameworks-${CONFIGURATION}-input-files.xcfilelist",
			);
			name = "[CP] Embed Pods Frameworks";
			outputFileListPaths = (
				"${PODS_ROOT}/Target Support Files/Pods-TestTask/Pods-TestTask-frameworks-${CONFIGURATION}-output-files.xcfilelist",
			);
			runOnlyForDeploymentPostprocessing = 0;
			shellPath = /bin/sh;
			shellScript = "\"${PODS_ROOT}/Target Support Files/Pods-TestTask/Pods-TestTask-frameworks.sh\"\n";
			showEnvVarsInLog = 0;
		};
		E2EC3040BB448EC1C41CF33B /* [CP] Embed Pods Frameworks */ = {
			isa = PBXShellScriptBuildPhase;
			buildActionMask = 2147483647;
			files = (
			);
			inputFileListPaths = (
				"${PODS_ROOT}/Target Support Files/Pods-TestTask-TestTaskUITests/Pods-TestTask-TestTaskUITests-frameworks-${CONFIGURATION}-input-files.xcfilelist",
			);
			name = "[CP] Embed Pods Frameworks";
			outputFileListPaths = (
				"${PODS_ROOT}/Target Support Files/Pods-TestTask-TestTaskUITests/Pods-TestTask-TestTaskUITests-frameworks-${CONFIGURATION}-output-files.xcfilelist",
			);
			runOnlyForDeploymentPostprocessing = 0;
			shellPath = /bin/sh;
			shellScript = "\"${PODS_ROOT}/Target Support Files/Pods-TestTask-TestTaskUITests/Pods-TestTask-TestTaskUITests-frameworks.sh\"\n";
			showEnvVarsInLog = 0;
		};
		FD563AAC290359A44B455163 /* [CP] Check Pods Manifest.lock */ = {
			isa = PBXShellScriptBuildPhase;
			buildActionMask = 2147483647;
			files = (
			);
			inputFileListPaths = (
			);
			inputPaths = (
				"${PODS_PODFILE_DIR_PATH}/Podfile.lock",
				"${PODS_ROOT}/Manifest.lock",
			);
			name = "[CP] Check Pods Manifest.lock";
			outputFileListPaths = (
			);
			outputPaths = (
				"$(DERIVED_FILE_DIR)/Pods-TestTask-TestTaskUITests-checkManifestLockResult.txt",
			);
			runOnlyForDeploymentPostprocessing = 0;
			shellPath = /bin/sh;
			shellScript = "diff \"${PODS_PODFILE_DIR_PATH}/Podfile.lock\" \"${PODS_ROOT}/Manifest.lock\" > /dev/null\nif [ $? != 0 ] ; then\n    # print error to STDERR\n    echo \"error: The sandbox is not in sync with the Podfile.lock. Run 'pod install' or update your CocoaPods installation.\" >&2\n    exit 1\nfi\n# This output is used by Xcode 'outputs' to avoid re-running this script phase.\necho \"SUCCESS\" > \"${SCRIPT_OUTPUT_FILE_0}\"\n";
			showEnvVarsInLog = 0;
		};
/* End PBXShellScriptBuildPhase section */

/* Begin PBXSourcesBuildPhase section */
		1815F8A42BEA47AD00BC1A81 /* Sources */ = {
			isa = PBXSourcesBuildPhase;
			buildActionMask = 2147483647;
			files = (
				1815F91D2BEB90AF00BC1A81 /* UniversitiesListPresenter.swift in Sources */,
				1815F9692BEC791F00BC1A81 /* NetworkUniversitiesService.swift in Sources */,
				1815F9872BEC8BB100BC1A81 /* UniversitiesListCell.swift in Sources */,
				1815F96C2BEC791F00BC1A81 /* UniversitiesAPI.swift in Sources */,
				1815F96D2BEC791F00BC1A81 /* UniversityDTO.swift in Sources */,
				1815F91F2BEB90C700BC1A81 /* UniversitiesListEntities.swift in Sources */,
				1815F9212BEB90D600BC1A81 /* UniversitiesListView.swift in Sources */,
				1815FAA12BECDBD600BC1A81 /* RealmUniversityStore.swift in Sources */,
				1815F91B2BEB909600BC1A81 /* UniversitiesListInteractor.swift in Sources */,
				1815F96A2BEC791F00BC1A81 /* ServiceLocator+Universities.swift in Sources */,
				1815F8AC2BEA47AD00BC1A81 /* AppDelegate.swift in Sources */,
				1815F9702BEC7A1400BC1A81 /* Enviroment.swift in Sources */,
				1815FA9F2BECDB5400BC1A81 /* RealmUniversity.swift in Sources */,
				1815F8AE2BEA47AD00BC1A81 /* SceneDelegate.swift in Sources */,
				1815F96E2BEC791F00BC1A81 /* UniversitiesService.swift in Sources */,
				1815F9272BEBB82400BC1A81 /* UniversitiesListConfigurator.swift in Sources */,
				1815F96B2BEC791F00BC1A81 /* University.swift in Sources */,
				1815F9232BEB90E200BC1A81 /* UniversitiesListRouter.swift in Sources */,
			);
			runOnlyForDeploymentPostprocessing = 0;
		};
		1815F8BA2BEA47AF00BC1A81 /* Sources */ = {
			isa = PBXSourcesBuildPhase;
			buildActionMask = 2147483647;
			files = (
				1815F8C32BEA47AF00BC1A81 /* TestTaskTests.swift in Sources */,
			);
			runOnlyForDeploymentPostprocessing = 0;
		};
		1815F8C42BEA47AF00BC1A81 /* Sources */ = {
			isa = PBXSourcesBuildPhase;
			buildActionMask = 2147483647;
			files = (
				1815F8CF2BEA47AF00BC1A81 /* TestTaskUITestsLaunchTests.swift in Sources */,
				1815F8CD2BEA47AF00BC1A81 /* TestTaskUITests.swift in Sources */,
			);
			runOnlyForDeploymentPostprocessing = 0;
		};
/* End PBXSourcesBuildPhase section */

/* Begin PBXTargetDependency section */
		1815F8C02BEA47AF00BC1A81 /* PBXTargetDependency */ = {
			isa = PBXTargetDependency;
			target = 1815F8A72BEA47AD00BC1A81 /* TestTask */;
			targetProxy = 1815F8BF2BEA47AF00BC1A81 /* PBXContainerItemProxy */;
		};
		1815F8CA2BEA47AF00BC1A81 /* PBXTargetDependency */ = {
			isa = PBXTargetDependency;
			target = 1815F8A72BEA47AD00BC1A81 /* TestTask */;
			targetProxy = 1815F8C92BEA47AF00BC1A81 /* PBXContainerItemProxy */;
		};
/* End PBXTargetDependency section */

/* Begin PBXVariantGroup section */
		1815F8B62BEA47AE00BC1A81 /* LaunchScreen.storyboard */ = {
			isa = PBXVariantGroup;
			children = (
				1815F8B72BEA47AE00BC1A81 /* Base */,
			);
			name = LaunchScreen.storyboard;
			sourceTree = "<group>";
		};
/* End PBXVariantGroup section */

/* Begin XCBuildConfiguration section */
		1815F8D02BEA47AF00BC1A81 /* Debug */ = {
			isa = XCBuildConfiguration;
			buildSettings = {
				ALWAYS_SEARCH_USER_PATHS = NO;
				ASSETCATALOG_COMPILER_GENERATE_SWIFT_ASSET_SYMBOL_EXTENSIONS = YES;
				CLANG_ANALYZER_NONNULL = YES;
				CLANG_ANALYZER_NUMBER_OBJECT_CONVERSION = YES_AGGRESSIVE;
				CLANG_CXX_LANGUAGE_STANDARD = "gnu++20";
				CLANG_ENABLE_MODULES = YES;
				CLANG_ENABLE_OBJC_ARC = YES;
				CLANG_ENABLE_OBJC_WEAK = YES;
				CLANG_WARN_BLOCK_CAPTURE_AUTORELEASING = YES;
				CLANG_WARN_BOOL_CONVERSION = YES;
				CLANG_WARN_COMMA = YES;
				CLANG_WARN_CONSTANT_CONVERSION = YES;
				CLANG_WARN_DEPRECATED_OBJC_IMPLEMENTATIONS = YES;
				CLANG_WARN_DIRECT_OBJC_ISA_USAGE = YES_ERROR;
				CLANG_WARN_DOCUMENTATION_COMMENTS = YES;
				CLANG_WARN_EMPTY_BODY = YES;
				CLANG_WARN_ENUM_CONVERSION = YES;
				CLANG_WARN_INFINITE_RECURSION = YES;
				CLANG_WARN_INT_CONVERSION = YES;
				CLANG_WARN_NON_LITERAL_NULL_CONVERSION = YES;
				CLANG_WARN_OBJC_IMPLICIT_RETAIN_SELF = YES;
				CLANG_WARN_OBJC_LITERAL_CONVERSION = YES;
				CLANG_WARN_OBJC_ROOT_CLASS = YES_ERROR;
				CLANG_WARN_QUOTED_INCLUDE_IN_FRAMEWORK_HEADER = YES;
				CLANG_WARN_RANGE_LOOP_ANALYSIS = YES;
				CLANG_WARN_STRICT_PROTOTYPES = YES;
				CLANG_WARN_SUSPICIOUS_MOVE = YES;
				CLANG_WARN_UNGUARDED_AVAILABILITY = YES_AGGRESSIVE;
				CLANG_WARN_UNREACHABLE_CODE = YES;
				CLANG_WARN__DUPLICATE_METHOD_MATCH = YES;
				COPY_PHASE_STRIP = NO;
				DEBUG_INFORMATION_FORMAT = dwarf;
				ENABLE_STRICT_OBJC_MSGSEND = YES;
				ENABLE_TESTABILITY = YES;
				ENABLE_USER_SCRIPT_SANDBOXING = YES;
				GCC_C_LANGUAGE_STANDARD = gnu17;
				GCC_DYNAMIC_NO_PIC = NO;
				GCC_NO_COMMON_BLOCKS = YES;
				GCC_OPTIMIZATION_LEVEL = 0;
				GCC_PREPROCESSOR_DEFINITIONS = (
					"DEBUG=1",
					"$(inherited)",
				);
				GCC_WARN_64_TO_32_BIT_CONVERSION = YES;
				GCC_WARN_ABOUT_RETURN_TYPE = YES_ERROR;
				GCC_WARN_UNDECLARED_SELECTOR = YES;
				GCC_WARN_UNINITIALIZED_AUTOS = YES_AGGRESSIVE;
				GCC_WARN_UNUSED_FUNCTION = YES;
				GCC_WARN_UNUSED_VARIABLE = YES;
				IPHONEOS_DEPLOYMENT_TARGET = 17.4;
				LOCALIZATION_PREFERS_STRING_CATALOGS = YES;
				MTL_ENABLE_DEBUG_INFO = INCLUDE_SOURCE;
				MTL_FAST_MATH = YES;
				ONLY_ACTIVE_ARCH = YES;
				SDKROOT = iphoneos;
				SWIFT_ACTIVE_COMPILATION_CONDITIONS = "DEBUG $(inherited)";
				SWIFT_OPTIMIZATION_LEVEL = "-Onone";
			};
			name = Debug;
		};
		1815F8D12BEA47AF00BC1A81 /* Release */ = {
			isa = XCBuildConfiguration;
			buildSettings = {
				ALWAYS_SEARCH_USER_PATHS = NO;
				ASSETCATALOG_COMPILER_GENERATE_SWIFT_ASSET_SYMBOL_EXTENSIONS = YES;
				CLANG_ANALYZER_NONNULL = YES;
				CLANG_ANALYZER_NUMBER_OBJECT_CONVERSION = YES_AGGRESSIVE;
				CLANG_CXX_LANGUAGE_STANDARD = "gnu++20";
				CLANG_ENABLE_MODULES = YES;
				CLANG_ENABLE_OBJC_ARC = YES;
				CLANG_ENABLE_OBJC_WEAK = YES;
				CLANG_WARN_BLOCK_CAPTURE_AUTORELEASING = YES;
				CLANG_WARN_BOOL_CONVERSION = YES;
				CLANG_WARN_COMMA = YES;
				CLANG_WARN_CONSTANT_CONVERSION = YES;
				CLANG_WARN_DEPRECATED_OBJC_IMPLEMENTATIONS = YES;
				CLANG_WARN_DIRECT_OBJC_ISA_USAGE = YES_ERROR;
				CLANG_WARN_DOCUMENTATION_COMMENTS = YES;
				CLANG_WARN_EMPTY_BODY = YES;
				CLANG_WARN_ENUM_CONVERSION = YES;
				CLANG_WARN_INFINITE_RECURSION = YES;
				CLANG_WARN_INT_CONVERSION = YES;
				CLANG_WARN_NON_LITERAL_NULL_CONVERSION = YES;
				CLANG_WARN_OBJC_IMPLICIT_RETAIN_SELF = YES;
				CLANG_WARN_OBJC_LITERAL_CONVERSION = YES;
				CLANG_WARN_OBJC_ROOT_CLASS = YES_ERROR;
				CLANG_WARN_QUOTED_INCLUDE_IN_FRAMEWORK_HEADER = YES;
				CLANG_WARN_RANGE_LOOP_ANALYSIS = YES;
				CLANG_WARN_STRICT_PROTOTYPES = YES;
				CLANG_WARN_SUSPICIOUS_MOVE = YES;
				CLANG_WARN_UNGUARDED_AVAILABILITY = YES_AGGRESSIVE;
				CLANG_WARN_UNREACHABLE_CODE = YES;
				CLANG_WARN__DUPLICATE_METHOD_MATCH = YES;
				COPY_PHASE_STRIP = NO;
				DEBUG_INFORMATION_FORMAT = "dwarf-with-dsym";
				ENABLE_NS_ASSERTIONS = NO;
				ENABLE_STRICT_OBJC_MSGSEND = YES;
				ENABLE_USER_SCRIPT_SANDBOXING = YES;
				GCC_C_LANGUAGE_STANDARD = gnu17;
				GCC_NO_COMMON_BLOCKS = YES;
				GCC_WARN_64_TO_32_BIT_CONVERSION = YES;
				GCC_WARN_ABOUT_RETURN_TYPE = YES_ERROR;
				GCC_WARN_UNDECLARED_SELECTOR = YES;
				GCC_WARN_UNINITIALIZED_AUTOS = YES_AGGRESSIVE;
				GCC_WARN_UNUSED_FUNCTION = YES;
				GCC_WARN_UNUSED_VARIABLE = YES;
				IPHONEOS_DEPLOYMENT_TARGET = 17.4;
				LOCALIZATION_PREFERS_STRING_CATALOGS = YES;
				MTL_ENABLE_DEBUG_INFO = NO;
				MTL_FAST_MATH = YES;
				SDKROOT = iphoneos;
				SWIFT_COMPILATION_MODE = wholemodule;
				VALIDATE_PRODUCT = YES;
			};
			name = Release;
		};
		1815F8D32BEA47AF00BC1A81 /* Debug */ = {
			isa = XCBuildConfiguration;
			baseConfigurationReference = 1815F9712BEC7DE900BC1A81 /* Development-Debug.xcconfig */;
			buildSettings = {
				ASSETCATALOG_COMPILER_APPICON_NAME = AppIcon;
				ASSETCATALOG_COMPILER_GLOBAL_ACCENT_COLOR_NAME = AccentColor;
				CODE_SIGN_STYLE = Automatic;
				CURRENT_PROJECT_VERSION = 1;
				DEVELOPMENT_TEAM = BSVS688K6S;
				ENABLE_USER_SCRIPT_SANDBOXING = NO;
				GENERATE_INFOPLIST_FILE = YES;
				INFOPLIST_FILE = TestTask/AppResources/Info.plist;
				INFOPLIST_KEY_UIApplicationSupportsIndirectInputEvents = YES;
				INFOPLIST_KEY_UILaunchStoryboardName = LaunchScreen;
				INFOPLIST_KEY_UISupportedInterfaceOrientations_iPad = "UIInterfaceOrientationPortrait UIInterfaceOrientationPortraitUpsideDown UIInterfaceOrientationLandscapeLeft UIInterfaceOrientationLandscapeRight";
				INFOPLIST_KEY_UISupportedInterfaceOrientations_iPhone = "UIInterfaceOrientationPortrait UIInterfaceOrientationLandscapeLeft UIInterfaceOrientationLandscapeRight";
				IPHONEOS_DEPLOYMENT_TARGET = 17.0;
				LD_RUNPATH_SEARCH_PATHS = (
					"$(inherited)",
					"@executable_path/Frameworks",
				);
				MARKETING_VERSION = 1.0;
				PRODUCT_BUNDLE_IDENTIFIER = NA.TestTask.test;
				PRODUCT_NAME = "$(TARGET_NAME)";
				SWIFT_EMIT_LOC_STRINGS = YES;
				SWIFT_VERSION = 5.0;
				TARGETED_DEVICE_FAMILY = "1,2";
			};
			name = Debug;
		};
		1815F8D42BEA47AF00BC1A81 /* Release */ = {
			isa = XCBuildConfiguration;
			baseConfigurationReference = 1815F9722BEC7DE900BC1A81 /* Development-Release.xcconfig */;
			buildSettings = {
				ASSETCATALOG_COMPILER_APPICON_NAME = AppIcon;
				ASSETCATALOG_COMPILER_GLOBAL_ACCENT_COLOR_NAME = AccentColor;
				CODE_SIGN_STYLE = Automatic;
				CURRENT_PROJECT_VERSION = 1;
				DEVELOPMENT_TEAM = BSVS688K6S;
				ENABLE_USER_SCRIPT_SANDBOXING = NO;
				GENERATE_INFOPLIST_FILE = YES;
				INFOPLIST_FILE = TestTask/AppResources/Info.plist;
				INFOPLIST_KEY_UIApplicationSupportsIndirectInputEvents = YES;
				INFOPLIST_KEY_UILaunchStoryboardName = LaunchScreen;
				INFOPLIST_KEY_UISupportedInterfaceOrientations_iPad = "UIInterfaceOrientationPortrait UIInterfaceOrientationPortraitUpsideDown UIInterfaceOrientationLandscapeLeft UIInterfaceOrientationLandscapeRight";
				INFOPLIST_KEY_UISupportedInterfaceOrientations_iPhone = "UIInterfaceOrientationPortrait UIInterfaceOrientationLandscapeLeft UIInterfaceOrientationLandscapeRight";
				IPHONEOS_DEPLOYMENT_TARGET = 17.0;
				LD_RUNPATH_SEARCH_PATHS = (
					"$(inherited)",
					"@executable_path/Frameworks",
				);
				MARKETING_VERSION = 1.0;
				PRODUCT_BUNDLE_IDENTIFIER = NA.TestTask.test;
				PRODUCT_NAME = "$(TARGET_NAME)";
				SWIFT_EMIT_LOC_STRINGS = YES;
				SWIFT_VERSION = 5.0;
				TARGETED_DEVICE_FAMILY = "1,2";
			};
			name = Release;
		};
		1815F8D62BEA47AF00BC1A81 /* Debug */ = {
			isa = XCBuildConfiguration;
			baseConfigurationReference = 6DA6855B68686B6456AB5E29 /* Pods-TestTaskTests.debug.xcconfig */;
			buildSettings = {
				ALWAYS_EMBED_SWIFT_STANDARD_LIBRARIES = YES;
				BUNDLE_LOADER = "$(TEST_HOST)";
				CODE_SIGN_STYLE = Automatic;
				CURRENT_PROJECT_VERSION = 1;
				GENERATE_INFOPLIST_FILE = YES;
				IPHONEOS_DEPLOYMENT_TARGET = 17.4;
				MARKETING_VERSION = 1.0;
				PRODUCT_BUNDLE_IDENTIFIER = NA.TestTaskTests;
				PRODUCT_NAME = "$(TARGET_NAME)";
				SWIFT_EMIT_LOC_STRINGS = NO;
				SWIFT_VERSION = 5.0;
				TARGETED_DEVICE_FAMILY = "1,2";
				TEST_HOST = "$(BUILT_PRODUCTS_DIR)/TestTask.app/$(BUNDLE_EXECUTABLE_FOLDER_PATH)/TestTask";
			};
			name = Debug;
		};
		1815F8D72BEA47AF00BC1A81 /* Release */ = {
			isa = XCBuildConfiguration;
			baseConfigurationReference = 6975D032BB43EBD6C49CAFC2 /* Pods-TestTaskTests.release.xcconfig */;
			buildSettings = {
				ALWAYS_EMBED_SWIFT_STANDARD_LIBRARIES = YES;
				BUNDLE_LOADER = "$(TEST_HOST)";
				CODE_SIGN_STYLE = Automatic;
				CURRENT_PROJECT_VERSION = 1;
				GENERATE_INFOPLIST_FILE = YES;
				IPHONEOS_DEPLOYMENT_TARGET = 17.4;
				MARKETING_VERSION = 1.0;
				PRODUCT_BUNDLE_IDENTIFIER = NA.TestTaskTests;
				PRODUCT_NAME = "$(TARGET_NAME)";
				SWIFT_EMIT_LOC_STRINGS = NO;
				SWIFT_VERSION = 5.0;
				TARGETED_DEVICE_FAMILY = "1,2";
				TEST_HOST = "$(BUILT_PRODUCTS_DIR)/TestTask.app/$(BUNDLE_EXECUTABLE_FOLDER_PATH)/TestTask";
			};
			name = Release;
		};
		1815F8D92BEA47AF00BC1A81 /* Debug */ = {
			isa = XCBuildConfiguration;
			baseConfigurationReference = F5E08BB03DFB7DD923F01D36 /* Pods-TestTask-TestTaskUITests.debug.xcconfig */;
			buildSettings = {
				ALWAYS_EMBED_SWIFT_STANDARD_LIBRARIES = YES;
				CODE_SIGN_STYLE = Automatic;
				CURRENT_PROJECT_VERSION = 1;
				GENERATE_INFOPLIST_FILE = YES;
				MARKETING_VERSION = 1.0;
				PRODUCT_BUNDLE_IDENTIFIER = NA.TestTaskUITests;
				PRODUCT_NAME = "$(TARGET_NAME)";
				SWIFT_EMIT_LOC_STRINGS = NO;
				SWIFT_VERSION = 5.0;
				TARGETED_DEVICE_FAMILY = "1,2";
				TEST_TARGET_NAME = TestTask;
			};
			name = Debug;
		};
		1815F8DA2BEA47AF00BC1A81 /* Release */ = {
			isa = XCBuildConfiguration;
			baseConfigurationReference = 9C93E14A0EDAD0414D47F6F9 /* Pods-TestTask-TestTaskUITests.release.xcconfig */;
			buildSettings = {
				ALWAYS_EMBED_SWIFT_STANDARD_LIBRARIES = YES;
				CODE_SIGN_STYLE = Automatic;
				CURRENT_PROJECT_VERSION = 1;
				GENERATE_INFOPLIST_FILE = YES;
				MARKETING_VERSION = 1.0;
				PRODUCT_BUNDLE_IDENTIFIER = NA.TestTaskUITests;
				PRODUCT_NAME = "$(TARGET_NAME)";
				SWIFT_EMIT_LOC_STRINGS = NO;
				SWIFT_VERSION = 5.0;
				TARGETED_DEVICE_FAMILY = "1,2";
				TEST_TARGET_NAME = TestTask;
			};
			name = Release;
		};
/* End XCBuildConfiguration section */

/* Begin XCConfigurationList section */
		1815F8A32BEA47AD00BC1A81 /* Build configuration list for PBXProject "TestTask" */ = {
			isa = XCConfigurationList;
			buildConfigurations = (
				1815F8D02BEA47AF00BC1A81 /* Debug */,
				1815F8D12BEA47AF00BC1A81 /* Release */,
			);
			defaultConfigurationIsVisible = 0;
			defaultConfigurationName = Release;
		};
		1815F8D22BEA47AF00BC1A81 /* Build configuration list for PBXNativeTarget "TestTask" */ = {
			isa = XCConfigurationList;
			buildConfigurations = (
				1815F8D32BEA47AF00BC1A81 /* Debug */,
				1815F8D42BEA47AF00BC1A81 /* Release */,
			);
			defaultConfigurationIsVisible = 0;
			defaultConfigurationName = Release;
		};
		1815F8D52BEA47AF00BC1A81 /* Build configuration list for PBXNativeTarget "TestTaskTests" */ = {
			isa = XCConfigurationList;
			buildConfigurations = (
				1815F8D62BEA47AF00BC1A81 /* Debug */,
				1815F8D72BEA47AF00BC1A81 /* Release */,
			);
			defaultConfigurationIsVisible = 0;
			defaultConfigurationName = Release;
		};
		1815F8D82BEA47AF00BC1A81 /* Build configuration list for PBXNativeTarget "TestTaskUITests" */ = {
			isa = XCConfigurationList;
			buildConfigurations = (
				1815F8D92BEA47AF00BC1A81 /* Debug */,
				1815F8DA2BEA47AF00BC1A81 /* Release */,
			);
			defaultConfigurationIsVisible = 0;
			defaultConfigurationName = Release;
		};
/* End XCConfigurationList section */
	};
	rootObject = 1815F8A02BEA47AD00BC1A81 /* Project object */;
}
